
Microsoft Visual Studio Solution File, Format Version 12.00
# Visual Studio 15
VisualStudioVersion = 15.0.28307.705
MinimumVisualStudioVersion = 10.0.40219.1
Project("{FAE04EC0-301F-11D3-BF4B-00C04F79EFBC}") = "MyFriendOrganizer.UI", "MyFriendOrganizer.UI\MyFriendOrganizer.UI.csproj", "{D2B757E8-C1FA-4C13-A14C-434A9A1E07CE}"
EndProject
Project("{FAE04EC0-301F-11D3-BF4B-00C04F79EFBC}") = "MyFriendOrganizer.DataAccess", "MyFriendOrganizer.DataAccess\MyFriendOrganizer.DataAccess.csproj", "{C93F58F3-5043-4616-9B88-303F24051FFB}"
EndProject
Project("{FAE04EC0-301F-11D3-BF4B-00C04F79EFBC}") = "MyFriendOrganizer.Model", "MyFriendOrganizer.Model\MyFriendOrganizer.Model.csproj", "{6DA74230-73EB-46E2-BA95-C4F7414A1FAF}"
EndProject
Global
	GlobalSection(SolutionConfigurationPlatforms) = preSolution
		Debug|Any CPU = Debug|Any CPU
		Release|Any CPU = Release|Any CPU
	EndGlobalSection
	GlobalSection(ProjectConfigurationPlatforms) = postSolution
		{D2B757E8-C1FA-4C13-A14C-434A9A1E07CE}.Debug|Any CPU.ActiveCfg = Debug|Any CPU
		{D2B757E8-C1FA-4C13-A14C-434A9A1E07CE}.Debug|Any CPU.Build.0 = Debug|Any CPU
		{D2B757E8-C1FA-4C13-A14C-434A9A1E07CE}.Release|Any CPU.ActiveCfg = Release|Any CPU
		{D2B757E8-C1FA-4C13-A14C-434A9A1E07CE}.Release|Any CPU.Build.0 = Release|Any CPU
		{C93F58F3-5043-4616-9B88-303F24051FFB}.Debug|Any CPU.ActiveCfg = Debug|Any CPU
		{C93F58F3-5043-4616-9B88-303F24051FFB}.Debug|Any CPU.Build.0 = Debug|Any CPU
		{C93F58F3-5043-4616-9B88-303F24051FFB}.Release|Any CPU.ActiveCfg = Release|Any CPU
		{C93F58F3-5043-4616-9B88-303F24051FFB}.Release|Any CPU.Build.0 = Release|Any CPU
		{6DA74230-73EB-46E2-BA95-C4F7414A1FAF}.Debug|Any CPU.ActiveCfg = Debug|Any CPU
		{6DA74230-73EB-46E2-BA95-C4F7414A1FAF}.Debug|Any CPU.Build.0 = Debug|Any CPU
		{6DA74230-73EB-46E2-BA95-C4F7414A1FAF}.Release|Any CPU.ActiveCfg = Release|Any CPU
		{6DA74230-73EB-46E2-BA95-C4F7414A1FAF}.Release|Any CPU.Build.0 = Release|Any CPU
	EndGlobalSection
	GlobalSection(SolutionProperties) = preSolution
		HideSolutionNode = FALSE
	EndGlobalSection
	GlobalSection(ExtensibilityGlobals) = postSolution
		SolutionGuid = {1F8E69B4-1025-46DC-A31F-06CCEE22A4C0}
	EndGlobalSection
EndGlobal
